
Microsoft Visual Studio Solution File, Format Version 12.00
# Visual Studio Version 16
VisualStudioVersion = 16.0.31129.286
MinimumVisualStudioVersion = 10.0.40219.1
Project("{FAE04EC0-301F-11D3-BF4B-00C04F79EFBC}") = "ChartsUsingMdx", "ChartsUsingMdx.csproj", "{B990B44D-3765-4BD3-B2D6-50CDE6C5515C}"
EndProject
Global
	GlobalSection(SolutionConfigurationPlatforms) = preSolution
		Debug|Any CPU = Debug|Any CPU
		Release|Any CPU = Release|Any CPU
	EndGlobalSection
	GlobalSection(ProjectConfigurationPlatforms) = postSolution
		{B990B44D-3765-4BD3-B2D6-50CDE6C5515C}.Debug|Any CPU.ActiveCfg = Debug|Any CPU
		{B990B44D-3765-4BD3-B2D6-50CDE6C5515C}.Debug|Any CPU.Build.0 = Debug|Any CPU
		{B990B44D-3765-4BD3-B2D6-50CDE6C5515C}.Release|Any CPU.ActiveCfg = Release|Any CPU
		{B990B44D-3765-4BD3-B2D6-50CDE6C5515C}.Release|Any CPU.Build.0 = Release|Any CPU
	EndGlobalSection
	GlobalSection(SolutionProperties) = preSolution
		HideSolutionNode = FALSE
	EndGlobalSection
	GlobalSection(ExtensibilityGlobals) = postSolution
		SolutionGuid = {C1B317C6-8FF7-494F-9519-66D1026BB887}
	EndGlobalSection
EndGlobal
